
Microsoft Visual Studio Solution File, Format Version 11.00
# Visual Studio 2010
Project("{FAE04EC0-301F-11D3-BF4B-00C04F79EFBC}") = "SubwayDay", "Assembly-CSharp-firstpass.csproj", "{202A215E-1C12-F164-46C3-05ED22E9346A}"
EndProject
Project("{FAE04EC0-301F-11D3-BF4B-00C04F79EFBC}") = "SubwayDay", "Assembly-CSharp.csproj", "{703CFC43-79D0-30BF-53CE-98DCA6DB12F4}"
EndProject
Project("{FAE04EC0-301F-11D3-BF4B-00C04F79EFBC}") = "SubwayDay", "Assembly-CSharp-Editor.csproj", "{A27F0C6F-20CC-E3FD-6B24-C32420E3959B}"
EndProject
Project("{FAE04EC0-301F-11D3-BF4B-00C04F79EFBC}") = "SubwayDay", "Assembly-CSharp-Editor-firstpass.csproj", "{16E64BAA-57FD-4CCC-F1ED-DF79A26B40C0}"
EndProject
Global
	GlobalSection(SolutionConfigurationPlatforms) = preSolution
		Debug|Any CPU = Debug|Any CPU
		Release|Any CPU = Release|Any CPU
	EndGlobalSection
	GlobalSection(ProjectConfigurationPlatforms) = postSolution
		{202A215E-1C12-F164-46C3-05ED22E9346A}.Debug|Any CPU.ActiveCfg = Debug|Any CPU
		{202A215E-1C12-F164-46C3-05ED22E9346A}.Debug|Any CPU.Build.0 = Debug|Any CPU
		{202A215E-1C12-F164-46C3-05ED22E9346A}.Release|Any CPU.ActiveCfg = Release|Any CPU
		{202A215E-1C12-F164-46C3-05ED22E9346A}.Release|Any CPU.Build.0 = Release|Any CPU
		{703CFC43-79D0-30BF-53CE-98DCA6DB12F4}.Debug|Any CPU.ActiveCfg = Debug|Any CPU
		{703CFC43-79D0-30BF-53CE-98DCA6DB12F4}.Debug|Any CPU.Build.0 = Debug|Any CPU
		{703CFC43-79D0-30BF-53CE-98DCA6DB12F4}.Release|Any CPU.ActiveCfg = Release|Any CPU
		{703CFC43-79D0-30BF-53CE-98DCA6DB12F4}.Release|Any CPU.Build.0 = Release|Any CPU
		{A27F0C6F-20CC-E3FD-6B24-C32420E3959B}.Debug|Any CPU.ActiveCfg = Debug|Any CPU
		{A27F0C6F-20CC-E3FD-6B24-C32420E3959B}.Debug|Any CPU.Build.0 = Debug|Any CPU
		{A27F0C6F-20CC-E3FD-6B24-C32420E3959B}.Release|Any CPU.ActiveCfg = Release|Any CPU
		{A27F0C6F-20CC-E3FD-6B24-C32420E3959B}.Release|Any CPU.Build.0 = Release|Any CPU
		{16E64BAA-57FD-4CCC-F1ED-DF79A26B40C0}.Debug|Any CPU.ActiveCfg = Debug|Any CPU
		{16E64BAA-57FD-4CCC-F1ED-DF79A26B40C0}.Debug|Any CPU.Build.0 = Debug|Any CPU
		{16E64BAA-57FD-4CCC-F1ED-DF79A26B40C0}.Release|Any CPU.ActiveCfg = Release|Any CPU
		{16E64BAA-57FD-4CCC-F1ED-DF79A26B40C0}.Release|Any CPU.Build.0 = Release|Any CPU
	EndGlobalSection
	GlobalSection(SolutionProperties) = preSolution
		HideSolutionNode = FALSE
	EndGlobalSection
	GlobalSection(MonoDevelopProperties) = preSolution
		StartupItem = Assembly-CSharp.csproj
	EndGlobalSection
EndGlobal
